
Microsoft Visual Studio Solution File, Format Version 12.00
# Visual Studio Version 17
VisualStudioVersion = 17.14.36518.9 d17.14
MinimumVisualStudioVersion = 10.0.40219.1
Project("{FAE04EC0-301F-11D3-BF4B-00C04F79EFBC}") = "Zork", "Zork\Zork.csproj", "{DE6A0E2C-D826-4566-8474-F7979C3EB4F1}"
EndProject
Global
	GlobalSection(SolutionConfigurationPlatforms) = preSolution
		Debug|Any CPU = Debug|Any CPU
		Release|Any CPU = Release|Any CPU
	EndGlobalSection
	GlobalSection(ProjectConfigurationPlatforms) = postSolution
		{DE6A0E2C-D826-4566-8474-F7979C3EB4F1}.Debug|Any CPU.ActiveCfg = Debug|Any CPU
		{DE6A0E2C-D826-4566-8474-F7979C3EB4F1}.Debug|Any CPU.Build.0 = Debug|Any CPU
		{DE6A0E2C-D826-4566-8474-F7979C3EB4F1}.Release|Any CPU.ActiveCfg = Release|Any CPU
		{DE6A0E2C-D826-4566-8474-F7979C3EB4F1}.Release|Any CPU.Build.0 = Release|Any CPU
	EndGlobalSection
	GlobalSection(SolutionProperties) = preSolution
		HideSolutionNode = FALSE
	EndGlobalSection
	GlobalSection(ExtensibilityGlobals) = postSolution
		SolutionGuid = {FA4E8603-C77B-4BCC-9FAB-4A23D8010CBB}
	EndGlobalSection
EndGlobal
